// !$*UTF8*$!
{
	archiveVersion = 1;
	classes = {
	};
	objectVersion = 56;
	objects = {

/* Begin PBXBuildFile section */
		EA433A9B2978AA74009BF84E /* LocalFeedLoader.swift in Sources */ = {isa = PBXBuildFile; fileRef = EA433A9A2978AA74009BF84E /* LocalFeedLoader.swift */; };
		EA433A9D2978AAFB009BF84E /* FeedStore.swift in Sources */ = {isa = PBXBuildFile; fileRef = EA433A9C2978AAFB009BF84E /* FeedStore.swift */; };
		EA45E5EC295CE56F001C89D5 /* XCTestCase+TraceForMemoryLeaks.swift in Sources */ = {isa = PBXBuildFile; fileRef = EA45E5EB295CE56F001C89D5 /* XCTestCase+TraceForMemoryLeaks.swift */; };
		EA4CCB532989AFA80025E4EA /* ValidateFeedCacheUseCaseTests.swift in Sources */ = {isa = PBXBuildFile; fileRef = EA4CCB522989AFA80025E4EA /* ValidateFeedCacheUseCaseTests.swift */; };
		EA502A45298706B6005B2F25 /* LoadFeedFromCacheUseCaseTests.swift in Sources */ = {isa = PBXBuildFile; fileRef = EA502A44298706B6005B2F25 /* LoadFeedFromCacheUseCaseTests.swift */; };
		EA502A48298707A3005B2F25 /* FeedStoreSpy.swift in Sources */ = {isa = PBXBuildFile; fileRef = EA502A47298707A2005B2F25 /* FeedStoreSpy.swift */; };
		EA50C1822947C20100CA405E /* EssentialFeed.framework in Frameworks */ = {isa = PBXBuildFile; fileRef = EA50C1792947C20100CA405E /* EssentialFeed.framework */; };
		EA50C1872947C20100CA405E /* LoadFeedFromRemoteUseCaseTests.swift in Sources */ = {isa = PBXBuildFile; fileRef = EA50C1862947C20100CA405E /* LoadFeedFromRemoteUseCaseTests.swift */; };
		EA50C1882947C20100CA405E /* EssentialFeed.h in Headers */ = {isa = PBXBuildFile; fileRef = EA50C17C2947C20100CA405E /* EssentialFeed.h */; settings = {ATTRIBUTES = (Public, ); }; };
		EA50C1932947C23500CA405E /* FeedItem.swift in Sources */ = {isa = PBXBuildFile; fileRef = EA50C1922947C23500CA405E /* FeedItem.swift */; };
		EA50C1952947C24200CA405E /* FeedLoader.swift in Sources */ = {isa = PBXBuildFile; fileRef = EA50C1942947C24200CA405E /* FeedLoader.swift */; };
		EA50C1982947C86300CA405E /* RemoteFeedLoader.swift in Sources */ = {isa = PBXBuildFile; fileRef = EA50C1972947C86300CA405E /* RemoteFeedLoader.swift */; };
		EA5FA70E2989B40700A08A07 /* FeedCacheTestHelpers.swift in Sources */ = {isa = PBXBuildFile; fileRef = EA5FA70D2989B40700A08A07 /* FeedCacheTestHelpers.swift */; };
		EA5FA7102989B4D700A08A07 /* SharedTestHelpers.swift in Sources */ = {isa = PBXBuildFile; fileRef = EA5FA70F2989B4D700A08A07 /* SharedTestHelpers.swift */; };
		EA7A280A2986FE6D0066A06A /* RemoteFeedItem.swift in Sources */ = {isa = PBXBuildFile; fileRef = EA7A28092986FE6D0066A06A /* RemoteFeedItem.swift */; };
		EA7A280C2986FEAF0066A06A /* LocalFeedImage.swift in Sources */ = {isa = PBXBuildFile; fileRef = EA7A280B2986FEAF0066A06A /* LocalFeedImage.swift */; };
		EA9D55A32975DDF700BCDE05 /* CacheFeedUseCaseTests.swift in Sources */ = {isa = PBXBuildFile; fileRef = EA9D55A22975DDF700BCDE05 /* CacheFeedUseCaseTests.swift */; };
		EA9D905B2956399700DF7F2D /* HTTPClient.swift in Sources */ = {isa = PBXBuildFile; fileRef = EA9D905A2956399700DF7F2D /* HTTPClient.swift */; };
		EA9D905D29563A2B00DF7F2D /* FeedItemsMapper.swift in Sources */ = {isa = PBXBuildFile; fileRef = EA9D905C29563A2B00DF7F2D /* FeedItemsMapper.swift */; };
		EA9D9060295651D400DF7F2D /* URLSessionHTTPClientTests.swift in Sources */ = {isa = PBXBuildFile; fileRef = EA9D905F295651D400DF7F2D /* URLSessionHTTPClientTests.swift */; };
		EAAF0940295CF5EE00FB15AE /* URLSessionHTTPClient.swift in Sources */ = {isa = PBXBuildFile; fileRef = EAAF093F295CF5EE00FB15AE /* URLSessionHTTPClient.swift */; };
		EAB1BD53298EDCB000A8DAF1 /* FeedCachePolicy.swift in Sources */ = {isa = PBXBuildFile; fileRef = EAB1BD52298EDCB000A8DAF1 /* FeedCachePolicy.swift */; };
		EAB1BD55298EEECD00A8DAF1 /* CodableFeedStoreTests.swift in Sources */ = {isa = PBXBuildFile; fileRef = EAB1BD54298EEECD00A8DAF1 /* CodableFeedStoreTests.swift */; };
		EACFCCA529D05960003F740A /* CodableFeedStore.swift in Sources */ = {isa = PBXBuildFile; fileRef = EACFCCA429D05960003F740A /* CodableFeedStore.swift */; };
		EADF0FDC29631274006FB6EE /* EssentialFeedAPIEndToEndTests.swift in Sources */ = {isa = PBXBuildFile; fileRef = EADF0FDB29631274006FB6EE /* EssentialFeedAPIEndToEndTests.swift */; };
		EADF0FDD29631274006FB6EE /* EssentialFeed.framework in Frameworks */ = {isa = PBXBuildFile; fileRef = EA50C1792947C20100CA405E /* EssentialFeed.framework */; };
		EADF0FE3296317B8006FB6EE /* XCTestCase+TraceForMemoryLeaks.swift in Sources */ = {isa = PBXBuildFile; fileRef = EA45E5EB295CE56F001C89D5 /* XCTestCase+TraceForMemoryLeaks.swift */; };
/* End PBXBuildFile section */

/* Begin PBXContainerItemProxy section */
		EA50C1832947C20100CA405E /* PBXContainerItemProxy */ = {
			isa = PBXContainerItemProxy;
			containerPortal = EA50C1702947C20100CA405E /* Project object */;
			proxyType = 1;
			remoteGlobalIDString = EA50C1782947C20100CA405E;
			remoteInfo = EssentialFeed;
		};
		EADF0FDE29631274006FB6EE /* PBXContainerItemProxy */ = {
			isa = PBXContainerItemProxy;
			containerPortal = EA50C1702947C20100CA405E /* Project object */;
			proxyType = 1;
			remoteGlobalIDString = EA50C1782947C20100CA405E;
			remoteInfo = EssentialFeed;
		};
/* End PBXContainerItemProxy section */

/* Begin PBXFileReference section */
		EA433A9A2978AA74009BF84E /* LocalFeedLoader.swift */ = {isa = PBXFileReference; lastKnownFileType = sourcecode.swift; path = LocalFeedLoader.swift; sourceTree = "<group>"; };
		EA433A9C2978AAFB009BF84E /* FeedStore.swift */ = {isa = PBXFileReference; lastKnownFileType = sourcecode.swift; path = FeedStore.swift; sourceTree = "<group>"; };
		EA45E5EB295CE56F001C89D5 /* XCTestCase+TraceForMemoryLeaks.swift */ = {isa = PBXFileReference; lastKnownFileType = sourcecode.swift; path = "XCTestCase+TraceForMemoryLeaks.swift"; sourceTree = "<group>"; };
		EA4CCB522989AFA80025E4EA /* ValidateFeedCacheUseCaseTests.swift */ = {isa = PBXFileReference; lastKnownFileType = sourcecode.swift; path = ValidateFeedCacheUseCaseTests.swift; sourceTree = "<group>"; };
		EA502A44298706B6005B2F25 /* LoadFeedFromCacheUseCaseTests.swift */ = {isa = PBXFileReference; lastKnownFileType = sourcecode.swift; path = LoadFeedFromCacheUseCaseTests.swift; sourceTree = "<group>"; };
		EA502A47298707A2005B2F25 /* FeedStoreSpy.swift */ = {isa = PBXFileReference; lastKnownFileType = sourcecode.swift; path = FeedStoreSpy.swift; sourceTree = "<group>"; };
		EA50C1792947C20100CA405E /* EssentialFeed.framework */ = {isa = PBXFileReference; explicitFileType = wrapper.framework; includeInIndex = 0; path = EssentialFeed.framework; sourceTree = BUILT_PRODUCTS_DIR; };
		EA50C17C2947C20100CA405E /* EssentialFeed.h */ = {isa = PBXFileReference; lastKnownFileType = sourcecode.c.h; path = EssentialFeed.h; sourceTree = "<group>"; };
		EA50C1812947C20100CA405E /* EssentialFeedTests.xctest */ = {isa = PBXFileReference; explicitFileType = wrapper.cfbundle; includeInIndex = 0; path = EssentialFeedTests.xctest; sourceTree = BUILT_PRODUCTS_DIR; };
		EA50C1862947C20100CA405E /* LoadFeedFromRemoteUseCaseTests.swift */ = {isa = PBXFileReference; lastKnownFileType = sourcecode.swift; path = LoadFeedFromRemoteUseCaseTests.swift; sourceTree = "<group>"; };
		EA50C1922947C23500CA405E /* FeedItem.swift */ = {isa = PBXFileReference; lastKnownFileType = sourcecode.swift; path = FeedItem.swift; sourceTree = "<group>"; };
		EA50C1942947C24200CA405E /* FeedLoader.swift */ = {isa = PBXFileReference; lastKnownFileType = sourcecode.swift; path = FeedLoader.swift; sourceTree = "<group>"; };
		EA50C1972947C86300CA405E /* RemoteFeedLoader.swift */ = {isa = PBXFileReference; lastKnownFileType = sourcecode.swift; path = RemoteFeedLoader.swift; sourceTree = "<group>"; };
		EA5FA70D2989B40700A08A07 /* FeedCacheTestHelpers.swift */ = {isa = PBXFileReference; lastKnownFileType = sourcecode.swift; path = FeedCacheTestHelpers.swift; sourceTree = "<group>"; };
		EA5FA70F2989B4D700A08A07 /* SharedTestHelpers.swift */ = {isa = PBXFileReference; lastKnownFileType = sourcecode.swift; path = SharedTestHelpers.swift; sourceTree = "<group>"; };
		EA7A28092986FE6D0066A06A /* RemoteFeedItem.swift */ = {isa = PBXFileReference; lastKnownFileType = sourcecode.swift; path = RemoteFeedItem.swift; sourceTree = "<group>"; };
		EA7A280B2986FEAF0066A06A /* LocalFeedImage.swift */ = {isa = PBXFileReference; lastKnownFileType = sourcecode.swift; path = LocalFeedImage.swift; sourceTree = "<group>"; };
		EA9D55A22975DDF700BCDE05 /* CacheFeedUseCaseTests.swift */ = {isa = PBXFileReference; lastKnownFileType = sourcecode.swift; path = CacheFeedUseCaseTests.swift; sourceTree = "<group>"; };
		EA9D905A2956399700DF7F2D /* HTTPClient.swift */ = {isa = PBXFileReference; lastKnownFileType = sourcecode.swift; path = HTTPClient.swift; sourceTree = "<group>"; };
		EA9D905C29563A2B00DF7F2D /* FeedItemsMapper.swift */ = {isa = PBXFileReference; lastKnownFileType = sourcecode.swift; path = FeedItemsMapper.swift; sourceTree = "<group>"; };
		EA9D905F295651D400DF7F2D /* URLSessionHTTPClientTests.swift */ = {isa = PBXFileReference; lastKnownFileType = sourcecode.swift; path = URLSessionHTTPClientTests.swift; sourceTree = "<group>"; };
		EAAF093F295CF5EE00FB15AE /* URLSessionHTTPClient.swift */ = {isa = PBXFileReference; lastKnownFileType = sourcecode.swift; path = URLSessionHTTPClient.swift; sourceTree = "<group>"; };
		EAB1BD52298EDCB000A8DAF1 /* FeedCachePolicy.swift */ = {isa = PBXFileReference; lastKnownFileType = sourcecode.swift; path = FeedCachePolicy.swift; sourceTree = "<group>"; };
		EAB1BD54298EEECD00A8DAF1 /* CodableFeedStoreTests.swift */ = {isa = PBXFileReference; lastKnownFileType = sourcecode.swift; path = CodableFeedStoreTests.swift; sourceTree = "<group>"; };
		EACFCCA429D05960003F740A /* CodableFeedStore.swift */ = {isa = PBXFileReference; lastKnownFileType = sourcecode.swift; path = CodableFeedStore.swift; sourceTree = "<group>"; };
		EADF0FD929631274006FB6EE /* EssentialFeedAPIEndToEndTests.xctest */ = {isa = PBXFileReference; explicitFileType = wrapper.cfbundle; includeInIndex = 0; path = EssentialFeedAPIEndToEndTests.xctest; sourceTree = BUILT_PRODUCTS_DIR; };
		EADF0FDB29631274006FB6EE /* EssentialFeedAPIEndToEndTests.swift */ = {isa = PBXFileReference; lastKnownFileType = sourcecode.swift; path = EssentialFeedAPIEndToEndTests.swift; sourceTree = "<group>"; };
/* End PBXFileReference section */

/* Begin PBXFrameworksBuildPhase section */
		EA50C1762947C20100CA405E /* Frameworks */ = {
			isa = PBXFrameworksBuildPhase;
			buildActionMask = 2147483647;
			files = (
			);
			runOnlyForDeploymentPostprocessing = 0;
		};
		EA50C17E2947C20100CA405E /* Frameworks */ = {
			isa = PBXFrameworksBuildPhase;
			buildActionMask = 2147483647;
			files = (
				EA50C1822947C20100CA405E /* EssentialFeed.framework in Frameworks */,
			);
			runOnlyForDeploymentPostprocessing = 0;
		};
		EADF0FD629631274006FB6EE /* Frameworks */ = {
			isa = PBXFrameworksBuildPhase;
			buildActionMask = 2147483647;
			files = (
				EADF0FDD29631274006FB6EE /* EssentialFeed.framework in Frameworks */,
			);
			runOnlyForDeploymentPostprocessing = 0;
		};
/* End PBXFrameworksBuildPhase section */

/* Begin PBXGroup section */
		EA433A992978AA4E009BF84E /* FeedCache */ = {
			isa = PBXGroup;
			children = (
				EA433A9A2978AA74009BF84E /* LocalFeedLoader.swift */,
				EA433A9C2978AAFB009BF84E /* FeedStore.swift */,
				EA7A280B2986FEAF0066A06A /* LocalFeedImage.swift */,
				EAB1BD52298EDCB000A8DAF1 /* FeedCachePolicy.swift */,
				EACFCCA429D05960003F740A /* CodableFeedStore.swift */,
			);
			path = FeedCache;
			sourceTree = "<group>";
		};
		EA45E5EA295CE546001C89D5 /* Helpers */ = {
			isa = PBXGroup;
			children = (
				EA45E5EB295CE56F001C89D5 /* XCTestCase+TraceForMemoryLeaks.swift */,
				EA5FA70F2989B4D700A08A07 /* SharedTestHelpers.swift */,
			);
			path = Helpers;
			sourceTree = "<group>";
		};
		EA502A4629870793005B2F25 /* Helpers */ = {
			isa = PBXGroup;
			children = (
				EA502A47298707A2005B2F25 /* FeedStoreSpy.swift */,
				EA5FA70D2989B40700A08A07 /* FeedCacheTestHelpers.swift */,
			);
			path = Helpers;
			sourceTree = "<group>";
		};
		EA50C16F2947C20100CA405E = {
			isa = PBXGroup;
			children = (
				EA50C17B2947C20100CA405E /* EssentialFeed */,
				EA50C1852947C20100CA405E /* EssentialFeedTests */,
				EADF0FDA29631274006FB6EE /* EssentialFeedAPIEndToEndTests */,
				EA50C17A2947C20100CA405E /* Products */,
			);
			sourceTree = "<group>";
		};
		EA50C17A2947C20100CA405E /* Products */ = {
			isa = PBXGroup;
			children = (
				EA50C1792947C20100CA405E /* EssentialFeed.framework */,
				EA50C1812947C20100CA405E /* EssentialFeedTests.xctest */,
				EADF0FD929631274006FB6EE /* EssentialFeedAPIEndToEndTests.xctest */,
			);
			name = Products;
			sourceTree = "<group>";
		};
		EA50C17B2947C20100CA405E /* EssentialFeed */ = {
			isa = PBXGroup;
			children = (
				EA433A992978AA4E009BF84E /* FeedCache */,
				EA50C1962947C84300CA405E /* FeedApi */,
				EA50C1912947C22200CA405E /* Feed Feature */,
				EA50C17C2947C20100CA405E /* EssentialFeed.h */,
			);
			path = EssentialFeed;
			sourceTree = "<group>";
		};
		EA50C1852947C20100CA405E /* EssentialFeedTests */ = {
			isa = PBXGroup;
			children = (
				EA45E5EA295CE546001C89D5 /* Helpers */,
				EA9D55A12975DDCD00BCDE05 /* FeedCache */,
				EA9D905E29563F7E00DF7F2D /* FeedApi */,
			);
			path = EssentialFeedTests;
			sourceTree = "<group>";
		};
		EA50C1912947C22200CA405E /* Feed Feature */ = {
			isa = PBXGroup;
			children = (
				EA50C1922947C23500CA405E /* FeedItem.swift */,
				EA50C1942947C24200CA405E /* FeedLoader.swift */,
			);
			path = "Feed Feature";
			sourceTree = "<group>";
		};
		EA50C1962947C84300CA405E /* FeedApi */ = {
			isa = PBXGroup;
			children = (
				EA50C1972947C86300CA405E /* RemoteFeedLoader.swift */,
				EA9D905A2956399700DF7F2D /* HTTPClient.swift */,
				EA9D905C29563A2B00DF7F2D /* FeedItemsMapper.swift */,
				EAAF093F295CF5EE00FB15AE /* URLSessionHTTPClient.swift */,
				EA7A28092986FE6D0066A06A /* RemoteFeedItem.swift */,
			);
			path = FeedApi;
			sourceTree = "<group>";
		};
		EA9D55A12975DDCD00BCDE05 /* FeedCache */ = {
			isa = PBXGroup;
			children = (
				EA502A4629870793005B2F25 /* Helpers */,
				EA9D55A22975DDF700BCDE05 /* CacheFeedUseCaseTests.swift */,
				EA502A44298706B6005B2F25 /* LoadFeedFromCacheUseCaseTests.swift */,
				EA4CCB522989AFA80025E4EA /* ValidateFeedCacheUseCaseTests.swift */,
				EAB1BD54298EEECD00A8DAF1 /* CodableFeedStoreTests.swift */,
			);
			path = FeedCache;
			sourceTree = "<group>";
		};
		EA9D905E29563F7E00DF7F2D /* FeedApi */ = {
			isa = PBXGroup;
			children = (
				EA50C1862947C20100CA405E /* LoadFeedFromRemoteUseCaseTests.swift */,
				EA9D905F295651D400DF7F2D /* URLSessionHTTPClientTests.swift */,
			);
			path = FeedApi;
			sourceTree = "<group>";
		};
		EADF0FDA29631274006FB6EE /* EssentialFeedAPIEndToEndTests */ = {
			isa = PBXGroup;
			children = (
				EADF0FDB29631274006FB6EE /* EssentialFeedAPIEndToEndTests.swift */,
			);
			path = EssentialFeedAPIEndToEndTests;
			sourceTree = "<group>";
		};
/* End PBXGroup section */

/* Begin PBXHeadersBuildPhase section */
		EA50C1742947C20100CA405E /* Headers */ = {
			isa = PBXHeadersBuildPhase;
			buildActionMask = 2147483647;
			files = (
				EA50C1882947C20100CA405E /* EssentialFeed.h in Headers */,
			);
			runOnlyForDeploymentPostprocessing = 0;
		};
/* End PBXHeadersBuildPhase section */

/* Begin PBXNativeTarget section */
		EA50C1782947C20100CA405E /* EssentialFeed */ = {
			isa = PBXNativeTarget;
			buildConfigurationList = EA50C18B2947C20100CA405E /* Build configuration list for PBXNativeTarget "EssentialFeed" */;
			buildPhases = (
				EA50C1742947C20100CA405E /* Headers */,
				EA50C1752947C20100CA405E /* Sources */,
				EA50C1762947C20100CA405E /* Frameworks */,
				EA50C1772947C20100CA405E /* Resources */,
			);
			buildRules = (
			);
			dependencies = (
			);
			name = EssentialFeed;
			productName = EssentialFeed;
			productReference = EA50C1792947C20100CA405E /* EssentialFeed.framework */;
			productType = "com.apple.product-type.framework";
		};
		EA50C1802947C20100CA405E /* EssentialFeedTests */ = {
			isa = PBXNativeTarget;
			buildConfigurationList = EA50C18E2947C20100CA405E /* Build configuration list for PBXNativeTarget "EssentialFeedTests" */;
			buildPhases = (
				EA50C17D2947C20100CA405E /* Sources */,
				EA50C17E2947C20100CA405E /* Frameworks */,
				EA50C17F2947C20100CA405E /* Resources */,
			);
			buildRules = (
			);
			dependencies = (
				EA50C1842947C20100CA405E /* PBXTargetDependency */,
			);
			name = EssentialFeedTests;
			productName = EssentialFeedTests;
			productReference = EA50C1812947C20100CA405E /* EssentialFeedTests.xctest */;
			productType = "com.apple.product-type.bundle.unit-test";
		};
		EADF0FD829631274006FB6EE /* EssentialFeedAPIEndToEndTests */ = {
			isa = PBXNativeTarget;
			buildConfigurationList = EADF0FE229631274006FB6EE /* Build configuration list for PBXNativeTarget "EssentialFeedAPIEndToEndTests" */;
			buildPhases = (
				EADF0FD529631274006FB6EE /* Sources */,
				EADF0FD629631274006FB6EE /* Frameworks */,
				EADF0FD729631274006FB6EE /* Resources */,
			);
			buildRules = (
			);
			dependencies = (
				EADF0FDF29631274006FB6EE /* PBXTargetDependency */,
			);
			name = EssentialFeedAPIEndToEndTests;
			productName = EssentialFeedAPIEndToEndTests;
			productReference = EADF0FD929631274006FB6EE /* EssentialFeedAPIEndToEndTests.xctest */;
			productType = "com.apple.product-type.bundle.unit-test";
		};
/* End PBXNativeTarget section */

/* Begin PBXProject section */
		EA50C1702947C20100CA405E /* Project object */ = {
			isa = PBXProject;
			attributes = {
				BuildIndependentTargetsInParallel = 1;
				LastSwiftUpdateCheck = 1420;
				LastUpgradeCheck = 1420;
				TargetAttributes = {
					EA50C1782947C20100CA405E = {
						CreatedOnToolsVersion = 14.1;
						LastSwiftMigration = 1410;
					};
					EA50C1802947C20100CA405E = {
						CreatedOnToolsVersion = 14.1;
					};
					EADF0FD829631274006FB6EE = {
						CreatedOnToolsVersion = 14.2;
					};
				};
			};
			buildConfigurationList = EA50C1732947C20100CA405E /* Build configuration list for PBXProject "EssentialFeed" */;
			compatibilityVersion = "Xcode 14.0";
			developmentRegion = en;
			hasScannedForEncodings = 0;
			knownRegions = (
				en,
				Base,
			);
			mainGroup = EA50C16F2947C20100CA405E;
			productRefGroup = EA50C17A2947C20100CA405E /* Products */;
			projectDirPath = "";
			projectRoot = "";
			targets = (
				EA50C1782947C20100CA405E /* EssentialFeed */,
				EA50C1802947C20100CA405E /* EssentialFeedTests */,
				EADF0FD829631274006FB6EE /* EssentialFeedAPIEndToEndTests */,
			);
		};
/* End PBXProject section */

/* Begin PBXResourcesBuildPhase section */
		EA50C1772947C20100CA405E /* Resources */ = {
			isa = PBXResourcesBuildPhase;
			buildActionMask = 2147483647;
			files = (
			);
			runOnlyForDeploymentPostprocessing = 0;
		};
		EA50C17F2947C20100CA405E /* Resources */ = {
			isa = PBXResourcesBuildPhase;
			buildActionMask = 2147483647;
			files = (
			);
			runOnlyForDeploymentPostprocessing = 0;
		};
		EADF0FD729631274006FB6EE /* Resources */ = {
			isa = PBXResourcesBuildPhase;
			buildActionMask = 2147483647;
			files = (
			);
			runOnlyForDeploymentPostprocessing = 0;
		};
/* End PBXResourcesBuildPhase section */

/* Begin PBXSourcesBuildPhase section */
		EA50C1752947C20100CA405E /* Sources */ = {
			isa = PBXSourcesBuildPhase;
			buildActionMask = 2147483647;
			files = (
				EA9D905D29563A2B00DF7F2D /* FeedItemsMapper.swift in Sources */,
				EA50C1952947C24200CA405E /* FeedLoader.swift in Sources */,
				EA7A280A2986FE6D0066A06A /* RemoteFeedItem.swift in Sources */,
				EAB1BD53298EDCB000A8DAF1 /* FeedCachePolicy.swift in Sources */,
				EA50C1982947C86300CA405E /* RemoteFeedLoader.swift in Sources */,
				EA7A280C2986FEAF0066A06A /* LocalFeedImage.swift in Sources */,
				EA433A9D2978AAFB009BF84E /* FeedStore.swift in Sources */,
				EA433A9B2978AA74009BF84E /* LocalFeedLoader.swift in Sources */,
				EACFCCA529D05960003F740A /* CodableFeedStore.swift in Sources */,
				EA9D905B2956399700DF7F2D /* HTTPClient.swift in Sources */,
				EA50C1932947C23500CA405E /* FeedItem.swift in Sources */,
				EAAF0940295CF5EE00FB15AE /* URLSessionHTTPClient.swift in Sources */,
			);
			runOnlyForDeploymentPostprocessing = 0;
		};
		EA50C17D2947C20100CA405E /* Sources */ = {
			isa = PBXSourcesBuildPhase;
			buildActionMask = 2147483647;
			files = (
				EAB1BD55298EEECD00A8DAF1 /* CodableFeedStoreTests.swift in Sources */,
				EA5FA70E2989B40700A08A07 /* FeedCacheTestHelpers.swift in Sources */,
				EA4CCB532989AFA80025E4EA /* ValidateFeedCacheUseCaseTests.swift in Sources */,
				EA502A45298706B6005B2F25 /* LoadFeedFromCacheUseCaseTests.swift in Sources */,
				EA50C1872947C20100CA405E /* LoadFeedFromRemoteUseCaseTests.swift in Sources */,
				EA502A48298707A3005B2F25 /* FeedStoreSpy.swift in Sources */,
				EA5FA7102989B4D700A08A07 /* SharedTestHelpers.swift in Sources */,
				EA9D9060295651D400DF7F2D /* URLSessionHTTPClientTests.swift in Sources */,
				EA9D55A32975DDF700BCDE05 /* CacheFeedUseCaseTests.swift in Sources */,
				EA45E5EC295CE56F001C89D5 /* XCTestCase+TraceForMemoryLeaks.swift in Sources */,
			);
			runOnlyForDeploymentPostprocessing = 0;
		};
		EADF0FD529631274006FB6EE /* Sources */ = {
			isa = PBXSourcesBuildPhase;
			buildActionMask = 2147483647;
			files = (
				EADF0FE3296317B8006FB6EE /* XCTestCase+TraceForMemoryLeaks.swift in Sources */,
				EADF0FDC29631274006FB6EE /* EssentialFeedAPIEndToEndTests.swift in Sources */,
			);
			runOnlyForDeploymentPostprocessing = 0;
		};
/* End PBXSourcesBuildPhase section */

/* Begin PBXTargetDependency section */
		EA50C1842947C20100CA405E /* PBXTargetDependency */ = {
			isa = PBXTargetDependency;
			target = EA50C1782947C20100CA405E /* EssentialFeed */;
			targetProxy = EA50C1832947C20100CA405E /* PBXContainerItemProxy */;
		};
		EADF0FDF29631274006FB6EE /* PBXTargetDependency */ = {
			isa = PBXTargetDependency;
			target = EA50C1782947C20100CA405E /* EssentialFeed */;
			targetProxy = EADF0FDE29631274006FB6EE /* PBXContainerItemProxy */;
		};
/* End PBXTargetDependency section */

/* Begin XCBuildConfiguration section */
		EA50C1892947C20100CA405E /* Debug */ = {
			isa = XCBuildConfiguration;
			buildSettings = {
				ALWAYS_SEARCH_USER_PATHS = NO;
				CLANG_ANALYZER_NONNULL = YES;
				CLANG_ANALYZER_NUMBER_OBJECT_CONVERSION = YES_AGGRESSIVE;
				CLANG_CXX_LANGUAGE_STANDARD = "gnu++20";
				CLANG_ENABLE_MODULES = YES;
				CLANG_ENABLE_OBJC_ARC = YES;
				CLANG_ENABLE_OBJC_WEAK = YES;
				CLANG_WARN_BLOCK_CAPTURE_AUTORELEASING = YES;
				CLANG_WARN_BOOL_CONVERSION = YES;
				CLANG_WARN_COMMA = YES;
				CLANG_WARN_CONSTANT_CONVERSION = YES;
				CLANG_WARN_DEPRECATED_OBJC_IMPLEMENTATIONS = YES;
				CLANG_WARN_DIRECT_OBJC_ISA_USAGE = YES_ERROR;
				CLANG_WARN_DOCUMENTATION_COMMENTS = YES;
				CLANG_WARN_EMPTY_BODY = YES;
				CLANG_WARN_ENUM_CONVERSION = YES;
				CLANG_WARN_INFINITE_RECURSION = YES;
				CLANG_WARN_INT_CONVERSION = YES;
				CLANG_WARN_NON_LITERAL_NULL_CONVERSION = YES;
				CLANG_WARN_OBJC_IMPLICIT_RETAIN_SELF = YES;
				CLANG_WARN_OBJC_LITERAL_CONVERSION = YES;
				CLANG_WARN_OBJC_ROOT_CLASS = YES_ERROR;
				CLANG_WARN_QUOTED_INCLUDE_IN_FRAMEWORK_HEADER = YES;
				CLANG_WARN_RANGE_LOOP_ANALYSIS = YES;
				CLANG_WARN_STRICT_PROTOTYPES = YES;
				CLANG_WARN_SUSPICIOUS_MOVE = YES;
				CLANG_WARN_UNGUARDED_AVAILABILITY = YES_AGGRESSIVE;
				CLANG_WARN_UNREACHABLE_CODE = YES;
				CLANG_WARN__DUPLICATE_METHOD_MATCH = YES;
				COPY_PHASE_STRIP = NO;
				CURRENT_PROJECT_VERSION = 1;
				DEAD_CODE_STRIPPING = YES;
				DEBUG_INFORMATION_FORMAT = dwarf;
				ENABLE_STRICT_OBJC_MSGSEND = YES;
				ENABLE_TESTABILITY = YES;
				GCC_C_LANGUAGE_STANDARD = gnu11;
				GCC_DYNAMIC_NO_PIC = NO;
				GCC_NO_COMMON_BLOCKS = YES;
				GCC_OPTIMIZATION_LEVEL = 0;
				GCC_PREPROCESSOR_DEFINITIONS = (
					"DEBUG=1",
					"$(inherited)",
				);
				GCC_WARN_64_TO_32_BIT_CONVERSION = YES;
				GCC_WARN_ABOUT_RETURN_TYPE = YES_ERROR;
				GCC_WARN_UNDECLARED_SELECTOR = YES;
				GCC_WARN_UNINITIALIZED_AUTOS = YES_AGGRESSIVE;
				GCC_WARN_UNUSED_FUNCTION = YES;
				GCC_WARN_UNUSED_VARIABLE = YES;
				MTL_ENABLE_DEBUG_INFO = INCLUDE_SOURCE;
				MTL_FAST_MATH = YES;
				ONLY_ACTIVE_ARCH = YES;
				SWIFT_ACTIVE_COMPILATION_CONDITIONS = DEBUG;
				SWIFT_OPTIMIZATION_LEVEL = "-Onone";
				VERSIONING_SYSTEM = "apple-generic";
				VERSION_INFO_PREFIX = "";
			};
			name = Debug;
		};
		EA50C18A2947C20100CA405E /* Release */ = {
			isa = XCBuildConfiguration;
			buildSettings = {
				ALWAYS_SEARCH_USER_PATHS = NO;
				CLANG_ANALYZER_NONNULL = YES;
				CLANG_ANALYZER_NUMBER_OBJECT_CONVERSION = YES_AGGRESSIVE;
				CLANG_CXX_LANGUAGE_STANDARD = "gnu++20";
				CLANG_ENABLE_MODULES = YES;
				CLANG_ENABLE_OBJC_ARC = YES;
				CLANG_ENABLE_OBJC_WEAK = YES;
				CLANG_WARN_BLOCK_CAPTURE_AUTORELEASING = YES;
				CLANG_WARN_BOOL_CONVERSION = YES;
				CLANG_WARN_COMMA = YES;
				CLANG_WARN_CONSTANT_CONVERSION = YES;
				CLANG_WARN_DEPRECATED_OBJC_IMPLEMENTATIONS = YES;
				CLANG_WARN_DIRECT_OBJC_ISA_USAGE = YES_ERROR;
				CLANG_WARN_DOCUMENTATION_COMMENTS = YES;
				CLANG_WARN_EMPTY_BODY = YES;
				CLANG_WARN_ENUM_CONVERSION = YES;
				CLANG_WARN_INFINITE_RECURSION = YES;
				CLANG_WARN_INT_CONVERSION = YES;
				CLANG_WARN_NON_LITERAL_NULL_CONVERSION = YES;
				CLANG_WARN_OBJC_IMPLICIT_RETAIN_SELF = YES;
				CLANG_WARN_OBJC_LITERAL_CONVERSION = YES;
				CLANG_WARN_OBJC_ROOT_CLASS = YES_ERROR;
				CLANG_WARN_QUOTED_INCLUDE_IN_FRAMEWORK_HEADER = YES;
				CLANG_WARN_RANGE_LOOP_ANALYSIS = YES;
				CLANG_WARN_STRICT_PROTOTYPES = YES;
				CLANG_WARN_SUSPICIOUS_MOVE = YES;
				CLANG_WARN_UNGUARDED_AVAILABILITY = YES_AGGRESSIVE;
				CLANG_WARN_UNREACHABLE_CODE = YES;
				CLANG_WARN__DUPLICATE_METHOD_MATCH = YES;
				COPY_PHASE_STRIP = NO;
				CURRENT_PROJECT_VERSION = 1;
				DEAD_CODE_STRIPPING = YES;
				DEBUG_INFORMATION_FORMAT = "dwarf-with-dsym";
				ENABLE_NS_ASSERTIONS = NO;
				ENABLE_STRICT_OBJC_MSGSEND = YES;
				GCC_C_LANGUAGE_STANDARD = gnu11;
				GCC_NO_COMMON_BLOCKS = YES;
				GCC_WARN_64_TO_32_BIT_CONVERSION = YES;
				GCC_WARN_ABOUT_RETURN_TYPE = YES_ERROR;
				GCC_WARN_UNDECLARED_SELECTOR = YES;
				GCC_WARN_UNINITIALIZED_AUTOS = YES_AGGRESSIVE;
				GCC_WARN_UNUSED_FUNCTION = YES;
				GCC_WARN_UNUSED_VARIABLE = YES;
				MTL_ENABLE_DEBUG_INFO = NO;
				MTL_FAST_MATH = YES;
				SWIFT_COMPILATION_MODE = wholemodule;
				SWIFT_OPTIMIZATION_LEVEL = "-O";
				VERSIONING_SYSTEM = "apple-generic";
				VERSION_INFO_PREFIX = "";
			};
			name = Release;
		};
		EA50C18C2947C20100CA405E /* Debug */ = {
			isa = XCBuildConfiguration;
			buildSettings = {
				CLANG_ENABLE_MODULES = YES;
				CODE_SIGN_STYLE = Automatic;
				CURRENT_PROJECT_VERSION = 1;
				DEAD_CODE_STRIPPING = YES;
				DEFINES_MODULE = YES;
				DEVELOPMENT_TEAM = 67E575367U;
				DYLIB_COMPATIBILITY_VERSION = 1;
				DYLIB_CURRENT_VERSION = 1;
				DYLIB_INSTALL_NAME_BASE = "@rpath";
				GENERATE_INFOPLIST_FILE = YES;
				INFOPLIST_KEY_NSHumanReadableCopyright = "";
				INSTALL_PATH = "$(LOCAL_LIBRARY_DIR)/Frameworks";
				IPHONEOS_DEPLOYMENT_TARGET = 16.1;
				LD_RUNPATH_SEARCH_PATHS = (
					"@executable_path/Frameworks",
					"@loader_path/Frameworks",
				);
				"LD_RUNPATH_SEARCH_PATHS[sdk=macosx*]" = (
					"@executable_path/../Frameworks",
					"@loader_path/Frameworks",
				);
				MACOSX_DEPLOYMENT_TARGET = 12.6;
				MARKETING_VERSION = 1.0;
				PRODUCT_BUNDLE_IDENTIFIER = com.marekzvara.EssentialFeed;
				PRODUCT_NAME = "$(TARGET_NAME:c99extidentifier)";
				SDKROOT = auto;
				SKIP_INSTALL = YES;
				SUPPORTED_PLATFORMS = "iphoneos iphonesimulator macosx";
				SWIFT_EMIT_LOC_STRINGS = YES;
				SWIFT_OPTIMIZATION_LEVEL = "-Onone";
				SWIFT_VERSION = 5.0;
				TARGETED_DEVICE_FAMILY = "1,2";
			};
			name = Debug;
		};
		EA50C18D2947C20100CA405E /* Release */ = {
			isa = XCBuildConfiguration;
			buildSettings = {
				CLANG_ENABLE_MODULES = YES;
				CODE_SIGN_STYLE = Automatic;
				CURRENT_PROJECT_VERSION = 1;
				DEAD_CODE_STRIPPING = YES;
				DEFINES_MODULE = YES;
				DEVELOPMENT_TEAM = 67E575367U;
				DYLIB_COMPATIBILITY_VERSION = 1;
				DYLIB_CURRENT_VERSION = 1;
				DYLIB_INSTALL_NAME_BASE = "@rpath";
				GENERATE_INFOPLIST_FILE = YES;
				INFOPLIST_KEY_NSHumanReadableCopyright = "";
				INSTALL_PATH = "$(LOCAL_LIBRARY_DIR)/Frameworks";
				IPHONEOS_DEPLOYMENT_TARGET = 16.1;
				LD_RUNPATH_SEARCH_PATHS = (
					"@executable_path/Frameworks",
					"@loader_path/Frameworks",
				);
				"LD_RUNPATH_SEARCH_PATHS[sdk=macosx*]" = (
					"@executable_path/../Frameworks",
					"@loader_path/Frameworks",
				);
				MACOSX_DEPLOYMENT_TARGET = 12.6;
				MARKETING_VERSION = 1.0;
				PRODUCT_BUNDLE_IDENTIFIER = com.marekzvara.EssentialFeed;
				PRODUCT_NAME = "$(TARGET_NAME:c99extidentifier)";
				SDKROOT = auto;
				SKIP_INSTALL = YES;
				SUPPORTED_PLATFORMS = "iphoneos iphonesimulator macosx";
				SWIFT_EMIT_LOC_STRINGS = YES;
				SWIFT_VERSION = 5.0;
				TARGETED_DEVICE_FAMILY = "1,2";
			};
			name = Release;
		};
		EA50C18F2947C20100CA405E /* Debug */ = {
			isa = XCBuildConfiguration;
			buildSettings = {
				ALWAYS_EMBED_SWIFT_STANDARD_LIBRARIES = YES;
				CODE_SIGN_STYLE = Automatic;
				CURRENT_PROJECT_VERSION = 1;
				DEAD_CODE_STRIPPING = YES;
				DEVELOPMENT_TEAM = 67E575367U;
				GENERATE_INFOPLIST_FILE = YES;
				IPHONEOS_DEPLOYMENT_TARGET = 16.1;
				MACOSX_DEPLOYMENT_TARGET = 12.6;
				MARKETING_VERSION = 1.0;
				PRODUCT_BUNDLE_IDENTIFIER = com.marekzvara.EssentialFeedTests;
				PRODUCT_NAME = "$(TARGET_NAME)";
				SDKROOT = auto;
				SUPPORTED_PLATFORMS = "iphoneos iphonesimulator macosx";
				SWIFT_EMIT_LOC_STRINGS = NO;
				SWIFT_VERSION = 5.0;
				TARGETED_DEVICE_FAMILY = "1,2";
			};
			name = Debug;
		};
		EA50C1902947C20100CA405E /* Release */ = {
			isa = XCBuildConfiguration;
			buildSettings = {
				ALWAYS_EMBED_SWIFT_STANDARD_LIBRARIES = YES;
				CODE_SIGN_STYLE = Automatic;
				CURRENT_PROJECT_VERSION = 1;
				DEAD_CODE_STRIPPING = YES;
				DEVELOPMENT_TEAM = 67E575367U;
				GENERATE_INFOPLIST_FILE = YES;
				IPHONEOS_DEPLOYMENT_TARGET = 16.1;
				MACOSX_DEPLOYMENT_TARGET = 12.6;
				MARKETING_VERSION = 1.0;
				PRODUCT_BUNDLE_IDENTIFIER = com.marekzvara.EssentialFeedTests;
				PRODUCT_NAME = "$(TARGET_NAME)";
				SDKROOT = auto;
				SUPPORTED_PLATFORMS = "iphoneos iphonesimulator macosx";
				SWIFT_EMIT_LOC_STRINGS = NO;
				SWIFT_VERSION = 5.0;
				TARGETED_DEVICE_FAMILY = "1,2";
			};
			name = Release;
		};
		EADF0FE029631274006FB6EE /* Debug */ = {
			isa = XCBuildConfiguration;
			buildSettings = {
				CODE_SIGN_STYLE = Automatic;
				CURRENT_PROJECT_VERSION = 1;
				DEVELOPMENT_TEAM = 67E575367U;
				GENERATE_INFOPLIST_FILE = YES;
				IPHONEOS_DEPLOYMENT_TARGET = 16.2;
				"IPHONEOS_DEPLOYMENT_TARGET[sdk=macosx*]" = 16.2;
				MACOSX_DEPLOYMENT_TARGET = 12.6;
				MARKETING_VERSION = 1.0;
				PRODUCT_BUNDLE_IDENTIFIER = com.marekzvara.EssentialFeedAPIEndToEndTests;
				PRODUCT_NAME = "$(TARGET_NAME)";
				SDKROOT = iphoneos;
				SUPPORTED_PLATFORMS = "iphoneos iphonesimulator macosx";
				SUPPORTS_MACCATALYST = NO;
				SUPPORTS_MAC_DESIGNED_FOR_IPHONE_IPAD = NO;
				SWIFT_EMIT_LOC_STRINGS = NO;
				SWIFT_VERSION = 5.0;
				TARGETED_DEVICE_FAMILY = "1,2";
			};
			name = Debug;
		};
		EADF0FE129631274006FB6EE /* Release */ = {
			isa = XCBuildConfiguration;
			buildSettings = {
				CODE_SIGN_STYLE = Automatic;
				CURRENT_PROJECT_VERSION = 1;
				DEVELOPMENT_TEAM = 67E575367U;
				GENERATE_INFOPLIST_FILE = YES;
				IPHONEOS_DEPLOYMENT_TARGET = 16.2;
				"IPHONEOS_DEPLOYMENT_TARGET[sdk=macosx*]" = 16.2;
				MACOSX_DEPLOYMENT_TARGET = 12.6;
				MARKETING_VERSION = 1.0;
				PRODUCT_BUNDLE_IDENTIFIER = com.marekzvara.EssentialFeedAPIEndToEndTests;
				PRODUCT_NAME = "$(TARGET_NAME)";
				SDKROOT = iphoneos;
				SUPPORTED_PLATFORMS = "iphoneos iphonesimulator macosx";
				SUPPORTS_MACCATALYST = NO;
				SUPPORTS_MAC_DESIGNED_FOR_IPHONE_IPAD = NO;
				SWIFT_EMIT_LOC_STRINGS = NO;
				SWIFT_VERSION = 5.0;
				TARGETED_DEVICE_FAMILY = "1,2";
				VALIDATE_PRODUCT = YES;
			};
			name = Release;
		};
/* End XCBuildConfiguration section */

/* Begin XCConfigurationList section */
		EA50C1732947C20100CA405E /* Build configuration list for PBXProject "EssentialFeed" */ = {
			isa = XCConfigurationList;
			buildConfigurations = (
				EA50C1892947C20100CA405E /* Debug */,
				EA50C18A2947C20100CA405E /* Release */,
			);
			defaultConfigurationIsVisible = 0;
			defaultConfigurationName = Release;
		};
		EA50C18B2947C20100CA405E /* Build configuration list for PBXNativeTarget "EssentialFeed" */ = {
			isa = XCConfigurationList;
			buildConfigurations = (
				EA50C18C2947C20100CA405E /* Debug */,
				EA50C18D2947C20100CA405E /* Release */,
			);
			defaultConfigurationIsVisible = 0;
			defaultConfigurationName = Release;
		};
		EA50C18E2947C20100CA405E /* Build configuration list for PBXNativeTarget "EssentialFeedTests" */ = {
			isa = XCConfigurationList;
			buildConfigurations = (
				EA50C18F2947C20100CA405E /* Debug */,
				EA50C1902947C20100CA405E /* Release */,
			);
			defaultConfigurationIsVisible = 0;
			defaultConfigurationName = Release;
		};
		EADF0FE229631274006FB6EE /* Build configuration list for PBXNativeTarget "EssentialFeedAPIEndToEndTests" */ = {
			isa = XCConfigurationList;
			buildConfigurations = (
				EADF0FE029631274006FB6EE /* Debug */,
				EADF0FE129631274006FB6EE /* Release */,
			);
			defaultConfigurationIsVisible = 0;
			defaultConfigurationName = Release;
		};
/* End XCConfigurationList section */
	};
	rootObject = EA50C1702947C20100CA405E /* Project object */;
}
